
Microsoft Visual Studio Solution File, Format Version 11.00
# Visual Studio 2010
Project("{2150E333-8FDC-42A3-9474-1A3956D46DE8}") = "examples", "examples", "{19B6E978-FCEF-422B-97CE-DB53D884A564}"
EndProject
Project("{2150E333-8FDC-42A3-9474-1A3956D46DE8}") = "libs", "libs", "{50436B54-8313-49AB-8E09-CAE6BABEB70F}"
EndProject
Project("{8BC9CEB8-8B4A-11D0-8D11-00A0C91BC942}") = "shwild.core", "projects\core\vc10\shwild.core.vcxproj", "{042D5F02-10C9-43C2-BE0E-513EC79F9FBA}"
EndProject
Project("{2150E333-8FDC-42A3-9474-1A3956D46DE8}") = "test", "test", "{B36EB7DC-23D4-43CC-8347-B5C4175619E8}"
EndProject
Project("{2150E333-8FDC-42A3-9474-1A3956D46DE8}") = "component", "component", "{21736642-817C-4E6D-90B2-713AA5997860}"
EndProject
Project("{2150E333-8FDC-42A3-9474-1A3956D46DE8}") = "performance", "performance", "{B54AB066-2319-4D76-B269-0F2AB59A466C}"
EndProject
Project("{2150E333-8FDC-42A3-9474-1A3956D46DE8}") = "scratch", "scratch", "{FCF0211B-9963-4BD7-9577-6D9C1C5B8FF9}"
EndProject
Project("{2150E333-8FDC-42A3-9474-1A3956D46DE8}") = "unit", "unit", "{3ECC8BF4-77D7-405B-B7F5-27D22C5DFB9E}"
EndProject
Project("{2150E333-8FDC-42A3-9474-1A3956D46DE8}") = "Solution Items", "Solution Items", "{D7AD4FCA-D30F-4D2E-A7CB-131CF636D30D}"
	ProjectSection(SolutionItems) = preProject
		LICENSE = LICENSE
		README.md = README.md
	EndProjectSection
EndProject
Global
	GlobalSection(SolutionConfigurationPlatforms) = preSolution
		Debug Multithreaded DLL pseudoUNIX|Win32 = Debug Multithreaded DLL pseudoUNIX|Win32
		Debug Multithreaded DLL pseudoUNIX|x64 = Debug Multithreaded DLL pseudoUNIX|x64
		Debug Multithreaded DLL|Win32 = Debug Multithreaded DLL|Win32
		Debug Multithreaded DLL|x64 = Debug Multithreaded DLL|x64
		Debug Multithreaded pseudoUNIX|Win32 = Debug Multithreaded pseudoUNIX|Win32
		Debug Multithreaded pseudoUNIX|x64 = Debug Multithreaded pseudoUNIX|x64
		Debug Multithreaded|Win32 = Debug Multithreaded|Win32
		Debug Multithreaded|x64 = Debug Multithreaded|x64
		Release Multithreaded DLL pseudoUNIX|Win32 = Release Multithreaded DLL pseudoUNIX|Win32
		Release Multithreaded DLL pseudoUNIX|x64 = Release Multithreaded DLL pseudoUNIX|x64
		Release Multithreaded DLL|Win32 = Release Multithreaded DLL|Win32
		Release Multithreaded DLL|x64 = Release Multithreaded DLL|x64
		Release Multithreaded pseudoUNIX|Win32 = Release Multithreaded pseudoUNIX|Win32
		Release Multithreaded pseudoUNIX|x64 = Release Multithreaded pseudoUNIX|x64
		Release Multithreaded|Win32 = Release Multithreaded|Win32
		Release Multithreaded|x64 = Release Multithreaded|x64
		Unicode Debug Multithreaded DLL|Win32 = Unicode Debug Multithreaded DLL|Win32
		Unicode Debug Multithreaded DLL|x64 = Unicode Debug Multithreaded DLL|x64
		Unicode Debug Multithreaded|Win32 = Unicode Debug Multithreaded|Win32
		Unicode Debug Multithreaded|x64 = Unicode Debug Multithreaded|x64
		Unicode Release Multithreaded DLL|Win32 = Unicode Release Multithreaded DLL|Win32
		Unicode Release Multithreaded DLL|x64 = Unicode Release Multithreaded DLL|x64
		Unicode Release Multithreaded|Win32 = Unicode Release Multithreaded|Win32
		Unicode Release Multithreaded|x64 = Unicode Release Multithreaded|x64
	EndGlobalSection
	GlobalSection(ProjectConfigurationPlatforms) = postSolution
		{042D5F02-10C9-43C2-BE0E-513EC79F9FBA}.Debug Multithreaded DLL pseudoUNIX|Win32.ActiveCfg = Debug Multithreaded DLL pseudoUNIX|Win32
		{042D5F02-10C9-43C2-BE0E-513EC79F9FBA}.Debug Multithreaded DLL pseudoUNIX|Win32.Build.0 = Debug Multithreaded DLL pseudoUNIX|Win32
		{042D5F02-10C9-43C2-BE0E-513EC79F9FBA}.Debug Multithreaded DLL pseudoUNIX|x64.ActiveCfg = Debug Multithreaded DLL pseudoUNIX|x64
		{042D5F02-10C9-43C2-BE0E-513EC79F9FBA}.Debug Multithreaded DLL pseudoUNIX|x64.Build.0 = Debug Multithreaded DLL pseudoUNIX|x64
		{042D5F02-10C9-43C2-BE0E-513EC79F9FBA}.Debug Multithreaded DLL|Win32.ActiveCfg = Debug Multithreaded DLL|Win32
		{042D5F02-10C9-43C2-BE0E-513EC79F9FBA}.Debug Multithreaded DLL|Win32.Build.0 = Debug Multithreaded DLL|Win32
		{042D5F02-10C9-43C2-BE0E-513EC79F9FBA}.Debug Multithreaded DLL|x64.ActiveCfg = Debug Multithreaded DLL|x64
		{042D5F02-10C9-43C2-BE0E-513EC79F9FBA}.Debug Multithreaded DLL|x64.Build.0 = Debug Multithreaded DLL|x64
		{042D5F02-10C9-43C2-BE0E-513EC79F9FBA}.Debug Multithreaded pseudoUNIX|Win32.ActiveCfg = Debug Multithreaded pseudoUNIX|Win32
		{042D5F02-10C9-43C2-BE0E-513EC79F9FBA}.Debug Multithreaded pseudoUNIX|Win32.Build.0 = Debug Multithreaded pseudoUNIX|Win32
		{042D5F02-10C9-43C2-BE0E-513EC79F9FBA}.Debug Multithreaded pseudoUNIX|x64.ActiveCfg = Debug Multithreaded pseudoUNIX|x64
		{042D5F02-10C9-43C2-BE0E-513EC79F9FBA}.Debug Multithreaded pseudoUNIX|x64.Build.0 = Debug Multithreaded pseudoUNIX|x64
		{042D5F02-10C9-43C2-BE0E-513EC79F9FBA}.Debug Multithreaded|Win32.ActiveCfg = Debug Multithreaded|Win32
		{042D5F02-10C9-43C2-BE0E-513EC79F9FBA}.Debug Multithreaded|Win32.Build.0 = Debug Multithreaded|Win32
		{042D5F02-10C9-43C2-BE0E-513EC79F9FBA}.Debug Multithreaded|x64.ActiveCfg = Debug Multithreaded|x64
		{042D5F02-10C9-43C2-BE0E-513EC79F9FBA}.Debug Multithreaded|x64.Build.0 = Debug Multithreaded|x64
		{042D5F02-10C9-43C2-BE0E-513EC79F9FBA}.Release Multithreaded DLL pseudoUNIX|Win32.ActiveCfg = Release Multithreaded DLL pseudoUNIX|Win32
		{042D5F02-10C9-43C2-BE0E-513EC79F9FBA}.Release Multithreaded DLL pseudoUNIX|Win32.Build.0 = Release Multithreaded DLL pseudoUNIX|Win32
		{042D5F02-10C9-43C2-BE0E-513EC79F9FBA}.Release Multithreaded DLL pseudoUNIX|x64.ActiveCfg = Release Multithreaded DLL pseudoUNIX|x64
		{042D5F02-10C9-43C2-BE0E-513EC79F9FBA}.Release Multithreaded DLL pseudoUNIX|x64.Build.0 = Release Multithreaded DLL pseudoUNIX|x64
		{042D5F02-10C9-43C2-BE0E-513EC79F9FBA}.Release Multithreaded DLL|Win32.ActiveCfg = Release Multithreaded DLL|Win32
		{042D5F02-10C9-43C2-BE0E-513EC79F9FBA}.Release Multithreaded DLL|Win32.Build.0 = Release Multithreaded DLL|Win32
		{042D5F02-10C9-43C2-BE0E-513EC79F9FBA}.Release Multithreaded DLL|x64.ActiveCfg = Release Multithreaded DLL|x64
		{042D5F02-10C9-43C2-BE0E-513EC79F9FBA}.Release Multithreaded DLL|x64.Build.0 = Release Multithreaded DLL|x64
		{042D5F02-10C9-43C2-BE0E-513EC79F9FBA}.Release Multithreaded pseudoUNIX|Win32.ActiveCfg = Release Multithreaded pseudoUNIX|Win32
		{042D5F02-10C9-43C2-BE0E-513EC79F9FBA}.Release Multithreaded pseudoUNIX|Win32.Build.0 = Release Multithreaded pseudoUNIX|Win32
		{042D5F02-10C9-43C2-BE0E-513EC79F9FBA}.Release Multithreaded pseudoUNIX|x64.ActiveCfg = Release Multithreaded pseudoUNIX|x64
		{042D5F02-10C9-43C2-BE0E-513EC79F9FBA}.Release Multithreaded pseudoUNIX|x64.Build.0 = Release Multithreaded pseudoUNIX|x64
		{042D5F02-10C9-43C2-BE0E-513EC79F9FBA}.Release Multithreaded|Win32.ActiveCfg = Release Multithreaded|Win32
		{042D5F02-10C9-43C2-BE0E-513EC79F9FBA}.Release Multithreaded|Win32.Build.0 = Release Multithreaded|Win32
		{042D5F02-10C9-43C2-BE0E-513EC79F9FBA}.Release Multithreaded|x64.ActiveCfg = Release Multithreaded|x64
		{042D5F02-10C9-43C2-BE0E-513EC79F9FBA}.Release Multithreaded|x64.Build.0 = Release Multithreaded|x64
		{042D5F02-10C9-43C2-BE0E-513EC79F9FBA}.Unicode Debug Multithreaded DLL|Win32.ActiveCfg = Unicode Debug Multithreaded DLL|Win32
		{042D5F02-10C9-43C2-BE0E-513EC79F9FBA}.Unicode Debug Multithreaded DLL|Win32.Build.0 = Unicode Debug Multithreaded DLL|Win32
		{042D5F02-10C9-43C2-BE0E-513EC79F9FBA}.Unicode Debug Multithreaded DLL|x64.ActiveCfg = Unicode Debug Multithreaded DLL|x64
		{042D5F02-10C9-43C2-BE0E-513EC79F9FBA}.Unicode Debug Multithreaded DLL|x64.Build.0 = Unicode Debug Multithreaded DLL|x64
		{042D5F02-10C9-43C2-BE0E-513EC79F9FBA}.Unicode Debug Multithreaded|Win32.ActiveCfg = Unicode Debug Multithreaded|Win32
		{042D5F02-10C9-43C2-BE0E-513EC79F9FBA}.Unicode Debug Multithreaded|Win32.Build.0 = Unicode Debug Multithreaded|Win32
		{042D5F02-10C9-43C2-BE0E-513EC79F9FBA}.Unicode Debug Multithreaded|x64.ActiveCfg = Unicode Debug Multithreaded|x64
		{042D5F02-10C9-43C2-BE0E-513EC79F9FBA}.Unicode Debug Multithreaded|x64.Build.0 = Unicode Debug Multithreaded|x64
		{042D5F02-10C9-43C2-BE0E-513EC79F9FBA}.Unicode Release Multithreaded DLL|Win32.ActiveCfg = Unicode Release Multithreaded DLL|Win32
		{042D5F02-10C9-43C2-BE0E-513EC79F9FBA}.Unicode Release Multithreaded DLL|Win32.Build.0 = Unicode Release Multithreaded DLL|Win32
		{042D5F02-10C9-43C2-BE0E-513EC79F9FBA}.Unicode Release Multithreaded DLL|x64.ActiveCfg = Unicode Release Multithreaded DLL|x64
		{042D5F02-10C9-43C2-BE0E-513EC79F9FBA}.Unicode Release Multithreaded DLL|x64.Build.0 = Unicode Release Multithreaded DLL|x64
		{042D5F02-10C9-43C2-BE0E-513EC79F9FBA}.Unicode Release Multithreaded|Win32.ActiveCfg = Unicode Release Multithreaded|Win32
		{042D5F02-10C9-43C2-BE0E-513EC79F9FBA}.Unicode Release Multithreaded|Win32.Build.0 = Unicode Release Multithreaded|Win32
		{042D5F02-10C9-43C2-BE0E-513EC79F9FBA}.Unicode Release Multithreaded|x64.ActiveCfg = Unicode Release Multithreaded|x64
		{042D5F02-10C9-43C2-BE0E-513EC79F9FBA}.Unicode Release Multithreaded|x64.Build.0 = Unicode Release Multithreaded|x64
	EndGlobalSection
	GlobalSection(SolutionProperties) = preSolution
		HideSolutionNode = FALSE
	EndGlobalSection
	GlobalSection(NestedProjects) = preSolution
		{042D5F02-10C9-43C2-BE0E-513EC79F9FBA} = {50436B54-8313-49AB-8E09-CAE6BABEB70F}
		{21736642-817C-4E6D-90B2-713AA5997860} = {B36EB7DC-23D4-43CC-8347-B5C4175619E8}
		{B54AB066-2319-4D76-B269-0F2AB59A466C} = {B36EB7DC-23D4-43CC-8347-B5C4175619E8}
		{FCF0211B-9963-4BD7-9577-6D9C1C5B8FF9} = {B36EB7DC-23D4-43CC-8347-B5C4175619E8}
		{3ECC8BF4-77D7-405B-B7F5-27D22C5DFB9E} = {B36EB7DC-23D4-43CC-8347-B5C4175619E8}
	EndGlobalSection
EndGlobal
