<?xml version="1.0" encoding="utf-8"?>
<Project ToolsVersion="4.0" xmlns="http://schemas.microsoft.com/developer/msbuild/2003">
  <ItemGroup>
    <Filter Include="Header Files">
      <UniqueIdentifier>{93995380-89BD-4B04-88EB-625FBE52EBFB}</UniqueIdentifier>
      <Extensions>h;hpp;hxx;hm;inl;ipp;ixx;inc;</Extensions>
    </Filter>
    <Filter Include="Header Files\include">
      <UniqueIdentifier>{50992A8A-AF08-4806-902D-B13EB9B47DD1}</UniqueIdentifier>
    </Filter>
    <Filter Include="Header Files\include\shwild">
      <UniqueIdentifier>{3191F3E1-68D6-4d72-AEB5-93CF1F0E246B}</UniqueIdentifier>
    </Filter>
    <Filter Include="Header Files\src">
      <UniqueIdentifier>{C9AEECF6-1396-4292-9B5A-61607FC93208}</UniqueIdentifier>
    </Filter>
    <Filter Include="Implementation Files">
      <UniqueIdentifier>{D235CB96-B7A2-46AC-B7DC-310587E1D366}</UniqueIdentifier>
      <Extensions>c;cc;cpp;cxx;</Extensions>
    </Filter>
    <Filter Include="Implementation Files\src">
      <UniqueIdentifier>{5C1278A0-2826-4E94-A9DF-B7121DAC2348}</UniqueIdentifier>
    </Filter>
    <Filter Include="Module Files">
      <UniqueIdentifier>{115E6387-3699-414F-89E3-A8DCD7CD1CD3}</UniqueIdentifier>
      <Extensions>def;hpj;idl;odl;rc;xsd;</Extensions>
    </Filter>
    <Filter Include="Module Files\_dev_pragmatics_">
      <UniqueIdentifier>{F31D58C5-9614-4CD6-A019-C75F99CF755F}</UniqueIdentifier>
    </Filter>
  </ItemGroup>
  <ItemGroup>
    <ClInclude Include="..\..\..\include\shwild\implicit_link.h">
      <Filter>Header Files\include\shwild</Filter>
    </ClInclude>
    <ClInclude Include="..\..\..\include\shwild\shwild.h">
      <Filter>Header Files\include\shwild</Filter>
    </ClInclude>
    <ClInclude Include="..\..\..\include\shwild\shwild.hpp">
      <Filter>Header Files\include\shwild</Filter>
    </ClInclude>
    <ClInclude Include="..\..\..\src\shwild.assert.h">
      <Filter>Header Files\src</Filter>
    </ClInclude>
    <ClInclude Include="..\..\..\src\shwild.vector.hpp">
      <Filter>Header Files\src</Filter>
    </ClInclude>
    <ClInclude Include="..\..\..\src\shwild.cover.h">
      <Filter>Header Files\src</Filter>
    </ClInclude>
    <ClInclude Include="..\..\..\src\shwild.safestr.h">
      <Filter>Header Files\src</Filter>
    </ClInclude>
    <ClInclude Include="..\..\..\src\shwild.stlsoft.h">
      <Filter>Header Files\src</Filter>
    </ClInclude>
    <ClInclude Include="..\..\..\src\shwild.string.hpp">
      <Filter>Header Files\src</Filter>
    </ClInclude>
    <ClInclude Include="..\..\..\src\pattern.hpp">
      <Filter>Header Files\src</Filter>
    </ClInclude>
    <ClInclude Include="..\..\..\src\matches.hpp">
      <Filter>Header Files\src</Filter>
    </ClInclude>
  </ItemGroup>
  <ItemGroup>
    <ClCompile Include="..\pch.cpp">
      <Filter>Module Files</Filter>
    </ClCompile>
    <ClInclude Include="..\pch.hpp">
      <Filter>Module Files</Filter>
    </ClInclude>
    <ClCompile Include="..\..\..\src\api.cpp">
      <Filter>Implementation Files\src</Filter>
    </ClCompile>
    <ClCompile Include="..\..\..\src\matches.cpp">
      <Filter>Implementation Files\src</Filter>
    </ClCompile>
    <ClCompile Include="..\..\..\src\pattern.cpp">
      <Filter>Implementation Files\src</Filter>
    </ClCompile>
  </ItemGroup>
</Project>